
Microsoft Visual Studio Solution File, Format Version 12.00
# Visual Studio 15
VisualStudioVersion = 15.0.26906.1
MinimumVisualStudioVersion = 10.0.40219.1
Project("{FAE04EC0-301F-11D3-BF4B-00C04F79EFBC}") = "MobileClient.Android", "MobileClient\MobileClient.Android\MobileClient.Android.csproj", "{90654F05-E664-4EB5-BF23-510877BD4AEC}"
EndProject
Project("{FAE04EC0-301F-11D3-BF4B-00C04F79EFBC}") = "MobileClient.iOS", "MobileClient\MobileClient.iOS\MobileClient.iOS.csproj", "{2BBCAFC6-7898-42EB-B7EB-A2ED0D0F0570}"
EndProject
Project("{9A19103F-16F7-4668-BE54-9A1E7A4F7556}") = "MobileClient", "MobileClient\MobileClient\MobileClient.csproj", "{6837E5A9-4A6C-4997-B6D3-19254DBF1EAC}"
EndProject
Global
	GlobalSection(SolutionConfigurationPlatforms) = preSolution
		Ad-Hoc|Any CPU = Ad-Hoc|Any CPU
		Ad-Hoc|ARM = Ad-Hoc|ARM
		Ad-Hoc|iPhone = Ad-Hoc|iPhone
		Ad-Hoc|iPhoneSimulator = Ad-Hoc|iPhoneSimulator
		Ad-Hoc|x64 = Ad-Hoc|x64
		Ad-Hoc|x86 = Ad-Hoc|x86
		AppStore|Any CPU = AppStore|Any CPU
		AppStore|ARM = AppStore|ARM
		AppStore|iPhone = AppStore|iPhone
		AppStore|iPhoneSimulator = AppStore|iPhoneSimulator
		AppStore|x64 = AppStore|x64
		AppStore|x86 = AppStore|x86
		Debug|Any CPU = Debug|Any CPU
		Debug|ARM = Debug|ARM
		Debug|iPhone = Debug|iPhone
		Debug|iPhoneSimulator = Debug|iPhoneSimulator
		Debug|x64 = Debug|x64
		Debug|x86 = Debug|x86
		Release|Any CPU = Release|Any CPU
		Release|ARM = Release|ARM
		Release|iPhone = Release|iPhone
		Release|iPhoneSimulator = Release|iPhoneSimulator
		Release|x64 = Release|x64
		Release|x86 = Release|x86
	EndGlobalSection
	GlobalSection(ProjectConfigurationPlatforms) = postSolution
		{90654F05-E664-4EB5-BF23-510877BD4AEC}.Ad-Hoc|Any CPU.ActiveCfg = Release|Any CPU
		{90654F05-E664-4EB5-BF23-510877BD4AEC}.Ad-Hoc|Any CPU.Build.0 = Release|Any CPU
		{90654F05-E664-4EB5-BF23-510877BD4AEC}.Ad-Hoc|Any CPU.Deploy.0 = Release|Any CPU
		{90654F05-E664-4EB5-BF23-510877BD4AEC}.Ad-Hoc|ARM.ActiveCfg = Release|Any CPU
		{90654F05-E664-4EB5-BF23-510877BD4AEC}.Ad-Hoc|ARM.Build.0 = Release|Any CPU
		{90654F05-E664-4EB5-BF23-510877BD4AEC}.Ad-Hoc|ARM.Deploy.0 = Release|Any CPU
		{90654F05-E664-4EB5-BF23-510877BD4AEC}.Ad-Hoc|iPhone.ActiveCfg = Release|Any CPU
		{90654F05-E664-4EB5-BF23-510877BD4AEC}.Ad-Hoc|iPhone.Build.0 = Release|Any CPU
		{90654F05-E664-4EB5-BF23-510877BD4AEC}.Ad-Hoc|iPhone.Deploy.0 = Release|Any CPU
		{90654F05-E664-4EB5-BF23-510877BD4AEC}.Ad-Hoc|iPhoneSimulator.ActiveCfg = Release|Any CPU
		{90654F05-E664-4EB5-BF23-510877BD4AEC}.Ad-Hoc|iPhoneSimulator.Build.0 = Release|Any CPU
		{90654F05-E664-4EB5-BF23-510877BD4AEC}.Ad-Hoc|iPhoneSimulator.Deploy.0 = Release|Any CPU
		{90654F05-E664-4EB5-BF23-510877BD4AEC}.Ad-Hoc|x64.ActiveCfg = Release|Any CPU
		{90654F05-E664-4EB5-BF23-510877BD4AEC}.Ad-Hoc|x64.Build.0 = Release|Any CPU
		{90654F05-E664-4EB5-BF23-510877BD4AEC}.Ad-Hoc|x64.Deploy.0 = Release|Any CPU
		{90654F05-E664-4EB5-BF23-510877BD4AEC}.Ad-Hoc|x86.ActiveCfg = Release|Any CPU
		{90654F05-E664-4EB5-BF23-510877BD4AEC}.Ad-Hoc|x86.Build.0 = Release|Any CPU
		{90654F05-E664-4EB5-BF23-510877BD4AEC}.Ad-Hoc|x86.Deploy.0 = Release|Any CPU
		{90654F05-E664-4EB5-BF23-510877BD4AEC}.AppStore|Any CPU.ActiveCfg = Release|Any CPU
		{90654F05-E664-4EB5-BF23-510877BD4AEC}.AppStore|Any CPU.Build.0 = Release|Any CPU
		{90654F05-E664-4EB5-BF23-510877BD4AEC}.AppStore|Any CPU.Deploy.0 = Release|Any CPU
		{90654F05-E664-4EB5-BF23-510877BD4AEC}.AppStore|ARM.ActiveCfg = Release|Any CPU
		{90654F05-E664-4EB5-BF23-510877BD4AEC}.AppStore|ARM.Build.0 = Release|Any CPU
		{90654F05-E664-4EB5-BF23-510877BD4AEC}.AppStore|ARM.Deploy.0 = Release|Any CPU
		{90654F05-E664-4EB5-BF23-510877BD4AEC}.AppStore|iPhone.ActiveCfg = Release|Any CPU
		{90654F05-E664-4EB5-BF23-510877BD4AEC}.AppStore|iPhone.Build.0 = Release|Any CPU
		{90654F05-E664-4EB5-BF23-510877BD4AEC}.AppStore|iPhone.Deploy.0 = Release|Any CPU
		{90654F05-E664-4EB5-BF23-510877BD4AEC}.AppStore|iPhoneSimulator.ActiveCfg = Release|Any CPU
		{90654F05-E664-4EB5-BF23-510877BD4AEC}.AppStore|iPhoneSimulator.Build.0 = Release|Any CPU
		{90654F05-E664-4EB5-BF23-510877BD4AEC}.AppStore|iPhoneSimulator.Deploy.0 = Release|Any CPU
		{90654F05-E664-4EB5-BF23-510877BD4AEC}.AppStore|x64.ActiveCfg = Release|Any CPU
		{90654F05-E664-4EB5-BF23-510877BD4AEC}.AppStore|x64.Build.0 = Release|Any CPU
		{90654F05-E664-4EB5-BF23-510877BD4AEC}.AppStore|x64.Deploy.0 = Release|Any CPU
		{90654F05-E664-4EB5-BF23-510877BD4AEC}.AppStore|x86.ActiveCfg = Release|Any CPU
		{90654F05-E664-4EB5-BF23-510877BD4AEC}.AppStore|x86.Build.0 = Release|Any CPU
		{90654F05-E664-4EB5-BF23-510877BD4AEC}.AppStore|x86.Deploy.0 = Release|Any CPU
		{90654F05-E664-4EB5-BF23-510877BD4AEC}.Debug|Any CPU.ActiveCfg = Debug|Any CPU
		{90654F05-E664-4EB5-BF23-510877BD4AEC}.Debug|Any CPU.Build.0 = Debug|Any CPU
		{90654F05-E664-4EB5-BF23-510877BD4AEC}.Debug|Any CPU.Deploy.0 = Debug|Any CPU
		{90654F05-E664-4EB5-BF23-510877BD4AEC}.Debug|ARM.ActiveCfg = Debug|Any CPU
		{90654F05-E664-4EB5-BF23-510877BD4AEC}.Debug|ARM.Build.0 = Debug|Any CPU
		{90654F05-E664-4EB5-BF23-510877BD4AEC}.Debug|ARM.Deploy.0 = Debug|Any CPU
		{90654F05-E664-4EB5-BF23-510877BD4AEC}.Debug|iPhone.ActiveCfg = Debug|Any CPU
		{90654F05-E664-4EB5-BF23-510877BD4AEC}.Debug|iPhone.Build.0 = Debug|Any CPU
		{90654F05-E664-4EB5-BF23-510877BD4AEC}.Debug|iPhone.Deploy.0 = Debug|Any CPU
		{90654F05-E664-4EB5-BF23-510877BD4AEC}.Debug|iPhoneSimulator.ActiveCfg = Debug|Any CPU
		{90654F05-E664-4EB5-BF23-510877BD4AEC}.Debug|iPhoneSimulator.Build.0 = Debug|Any CPU
		{90654F05-E664-4EB5-BF23-510877BD4AEC}.Debug|iPhoneSimulator.Deploy.0 = Debug|Any CPU
		{90654F05-E664-4EB5-BF23-510877BD4AEC}.Debug|x64.ActiveCfg = Debug|Any CPU
		{90654F05-E664-4EB5-BF23-510877BD4AEC}.Debug|x64.Build.0 = Debug|Any CPU
		{90654F05-E664-4EB5-BF23-510877BD4AEC}.Debug|x64.Deploy.0 = Debug|Any CPU
		{90654F05-E664-4EB5-BF23-510877BD4AEC}.Debug|x86.ActiveCfg = Debug|Any CPU
		{90654F05-E664-4EB5-BF23-510877BD4AEC}.Debug|x86.Build.0 = Debug|Any CPU
		{90654F05-E664-4EB5-BF23-510877BD4AEC}.Debug|x86.Deploy.0 = Debug|Any CPU
		{90654F05-E664-4EB5-BF23-510877BD4AEC}.Release|Any CPU.ActiveCfg = Release|Any CPU
		{90654F05-E664-4EB5-BF23-510877BD4AEC}.Release|Any CPU.Build.0 = Release|Any CPU
		{90654F05-E664-4EB5-BF23-510877BD4AEC}.Release|Any CPU.Deploy.0 = Release|Any CPU
		{90654F05-E664-4EB5-BF23-510877BD4AEC}.Release|ARM.ActiveCfg = Release|Any CPU
		{90654F05-E664-4EB5-BF23-510877BD4AEC}.Release|ARM.Build.0 = Release|Any CPU
		{90654F05-E664-4EB5-BF23-510877BD4AEC}.Release|ARM.Deploy.0 = Release|Any CPU
		{90654F05-E664-4EB5-BF23-510877BD4AEC}.Release|iPhone.ActiveCfg = Release|Any CPU
		{90654F05-E664-4EB5-BF23-510877BD4AEC}.Release|iPhone.Build.0 = Release|Any CPU
		{90654F05-E664-4EB5-BF23-510877BD4AEC}.Release|iPhone.Deploy.0 = Release|Any CPU
		{90654F05-E664-4EB5-BF23-510877BD4AEC}.Release|iPhoneSimulator.ActiveCfg = Release|Any CPU
		{90654F05-E664-4EB5-BF23-510877BD4AEC}.Release|iPhoneSimulator.Build.0 = Release|Any CPU
		{90654F05-E664-4EB5-BF23-510877BD4AEC}.Release|iPhoneSimulator.Deploy.0 = Release|Any CPU
		{90654F05-E664-4EB5-BF23-510877BD4AEC}.Release|x64.ActiveCfg = Release|Any CPU
		{90654F05-E664-4EB5-BF23-510877BD4AEC}.Release|x64.Build.0 = Release|Any CPU
		{90654F05-E664-4EB5-BF23-510877BD4AEC}.Release|x64.Deploy.0 = Release|Any CPU
		{90654F05-E664-4EB5-BF23-510877BD4AEC}.Release|x86.ActiveCfg = Release|Any CPU
		{90654F05-E664-4EB5-BF23-510877BD4AEC}.Release|x86.Build.0 = Release|Any CPU
		{90654F05-E664-4EB5-BF23-510877BD4AEC}.Release|x86.Deploy.0 = Release|Any CPU
		{2BBCAFC6-7898-42EB-B7EB-A2ED0D0F0570}.Ad-Hoc|Any CPU.ActiveCfg = Ad-Hoc|iPhoneSimulator
		{2BBCAFC6-7898-42EB-B7EB-A2ED0D0F0570}.Ad-Hoc|ARM.ActiveCfg = Ad-Hoc|iPhone
		{2BBCAFC6-7898-42EB-B7EB-A2ED0D0F0570}.Ad-Hoc|iPhone.ActiveCfg = Ad-Hoc|iPhone
		{2BBCAFC6-7898-42EB-B7EB-A2ED0D0F0570}.Ad-Hoc|iPhone.Build.0 = Ad-Hoc|iPhone
		{2BBCAFC6-7898-42EB-B7EB-A2ED0D0F0570}.Ad-Hoc|iPhoneSimulator.ActiveCfg = Ad-Hoc|iPhoneSimulator
		{2BBCAFC6-7898-42EB-B7EB-A2ED0D0F0570}.Ad-Hoc|iPhoneSimulator.Build.0 = Ad-Hoc|iPhoneSimulator
		{2BBCAFC6-7898-42EB-B7EB-A2ED0D0F0570}.Ad-Hoc|x64.ActiveCfg = Ad-Hoc|iPhone
		{2BBCAFC6-7898-42EB-B7EB-A2ED0D0F0570}.Ad-Hoc|x86.ActiveCfg = Ad-Hoc|iPhone
		{2BBCAFC6-7898-42EB-B7EB-A2ED0D0F0570}.AppStore|Any CPU.ActiveCfg = AppStore|iPhoneSimulator
		{2BBCAFC6-7898-42EB-B7EB-A2ED0D0F0570}.AppStore|ARM.ActiveCfg = AppStore|iPhone
		{2BBCAFC6-7898-42EB-B7EB-A2ED0D0F0570}.AppStore|iPhone.ActiveCfg = AppStore|iPhone
		{2BBCAFC6-7898-42EB-B7EB-A2ED0D0F0570}.AppStore|iPhone.Build.0 = AppStore|iPhone
		{2BBCAFC6-7898-42EB-B7EB-A2ED0D0F0570}.AppStore|iPhoneSimulator.ActiveCfg = AppStore|iPhoneSimulator
		{2BBCAFC6-7898-42EB-B7EB-A2ED0D0F0570}.AppStore|iPhoneSimulator.Build.0 = AppStore|iPhoneSimulator
		{2BBCAFC6-7898-42EB-B7EB-A2ED0D0F0570}.AppStore|x64.ActiveCfg = AppStore|iPhone
		{2BBCAFC6-7898-42EB-B7EB-A2ED0D0F0570}.AppStore|x86.ActiveCfg = AppStore|iPhone
		{2BBCAFC6-7898-42EB-B7EB-A2ED0D0F0570}.Debug|Any CPU.ActiveCfg = Debug|iPhoneSimulator
		{2BBCAFC6-7898-42EB-B7EB-A2ED0D0F0570}.Debug|ARM.ActiveCfg = Debug|iPhone
		{2BBCAFC6-7898-42EB-B7EB-A2ED0D0F0570}.Debug|iPhone.ActiveCfg = Debug|iPhone
		{2BBCAFC6-7898-42EB-B7EB-A2ED0D0F0570}.Debug|iPhone.Build.0 = Debug|iPhone
		{2BBCAFC6-7898-42EB-B7EB-A2ED0D0F0570}.Debug|iPhoneSimulator.ActiveCfg = Debug|iPhoneSimulator
		{2BBCAFC6-7898-42EB-B7EB-A2ED0D0F0570}.Debug|iPhoneSimulator.Build.0 = Debug|iPhoneSimulator
		{2BBCAFC6-7898-42EB-B7EB-A2ED0D0F0570}.Debug|x64.ActiveCfg = Debug|iPhone
		{2BBCAFC6-7898-42EB-B7EB-A2ED0D0F0570}.Debug|x86.ActiveCfg = Debug|iPhone
		{2BBCAFC6-7898-42EB-B7EB-A2ED0D0F0570}.Release|Any CPU.ActiveCfg = Release|iPhoneSimulator
		{2BBCAFC6-7898-42EB-B7EB-A2ED0D0F0570}.Release|ARM.ActiveCfg = Release|iPhone
		{2BBCAFC6-7898-42EB-B7EB-A2ED0D0F0570}.Release|iPhone.ActiveCfg = Release|iPhone
		{2BBCAFC6-7898-42EB-B7EB-A2ED0D0F0570}.Release|iPhone.Build.0 = Release|iPhone
		{2BBCAFC6-7898-42EB-B7EB-A2ED0D0F0570}.Release|iPhoneSimulator.ActiveCfg = Release|iPhoneSimulator
		{2BBCAFC6-7898-42EB-B7EB-A2ED0D0F0570}.Release|iPhoneSimulator.Build.0 = Release|iPhoneSimulator
		{2BBCAFC6-7898-42EB-B7EB-A2ED0D0F0570}.Release|x64.ActiveCfg = Release|iPhone
		{2BBCAFC6-7898-42EB-B7EB-A2ED0D0F0570}.Release|x86.ActiveCfg = Release|iPhone
		{6837E5A9-4A6C-4997-B6D3-19254DBF1EAC}.Ad-Hoc|Any CPU.ActiveCfg = Debug|Any CPU
		{6837E5A9-4A6C-4997-B6D3-19254DBF1EAC}.Ad-Hoc|Any CPU.Build.0 = Debug|Any CPU
		{6837E5A9-4A6C-4997-B6D3-19254DBF1EAC}.Ad-Hoc|ARM.ActiveCfg = Debug|Any CPU
		{6837E5A9-4A6C-4997-B6D3-19254DBF1EAC}.Ad-Hoc|ARM.Build.0 = Debug|Any CPU
		{6837E5A9-4A6C-4997-B6D3-19254DBF1EAC}.Ad-Hoc|iPhone.ActiveCfg = Debug|Any CPU
		{6837E5A9-4A6C-4997-B6D3-19254DBF1EAC}.Ad-Hoc|iPhone.Build.0 = Debug|Any CPU
		{6837E5A9-4A6C-4997-B6D3-19254DBF1EAC}.Ad-Hoc|iPhoneSimulator.ActiveCfg = Debug|Any CPU
		{6837E5A9-4A6C-4997-B6D3-19254DBF1EAC}.Ad-Hoc|iPhoneSimulator.Build.0 = Debug|Any CPU
		{6837E5A9-4A6C-4997-B6D3-19254DBF1EAC}.Ad-Hoc|x64.ActiveCfg = Debug|Any CPU
		{6837E5A9-4A6C-4997-B6D3-19254DBF1EAC}.Ad-Hoc|x64.Build.0 = Debug|Any CPU
		{6837E5A9-4A6C-4997-B6D3-19254DBF1EAC}.Ad-Hoc|x86.ActiveCfg = Debug|Any CPU
		{6837E5A9-4A6C-4997-B6D3-19254DBF1EAC}.Ad-Hoc|x86.Build.0 = Debug|Any CPU
		{6837E5A9-4A6C-4997-B6D3-19254DBF1EAC}.AppStore|Any CPU.ActiveCfg = Debug|Any CPU
		{6837E5A9-4A6C-4997-B6D3-19254DBF1EAC}.AppStore|Any CPU.Build.0 = Debug|Any CPU
		{6837E5A9-4A6C-4997-B6D3-19254DBF1EAC}.AppStore|ARM.ActiveCfg = Debug|Any CPU
		{6837E5A9-4A6C-4997-B6D3-19254DBF1EAC}.AppStore|ARM.Build.0 = Debug|Any CPU
		{6837E5A9-4A6C-4997-B6D3-19254DBF1EAC}.AppStore|iPhone.ActiveCfg = Debug|Any CPU
		{6837E5A9-4A6C-4997-B6D3-19254DBF1EAC}.AppStore|iPhone.Build.0 = Debug|Any CPU
		{6837E5A9-4A6C-4997-B6D3-19254DBF1EAC}.AppStore|iPhoneSimulator.ActiveCfg = Debug|Any CPU
		{6837E5A9-4A6C-4997-B6D3-19254DBF1EAC}.AppStore|iPhoneSimulator.Build.0 = Debug|Any CPU
		{6837E5A9-4A6C-4997-B6D3-19254DBF1EAC}.AppStore|x64.ActiveCfg = Debug|Any CPU
		{6837E5A9-4A6C-4997-B6D3-19254DBF1EAC}.AppStore|x64.Build.0 = Debug|Any CPU
		{6837E5A9-4A6C-4997-B6D3-19254DBF1EAC}.AppStore|x86.ActiveCfg = Debug|Any CPU
		{6837E5A9-4A6C-4997-B6D3-19254DBF1EAC}.AppStore|x86.Build.0 = Debug|Any CPU
		{6837E5A9-4A6C-4997-B6D3-19254DBF1EAC}.Debug|Any CPU.ActiveCfg = Debug|Any CPU
		{6837E5A9-4A6C-4997-B6D3-19254DBF1EAC}.Debug|Any CPU.Build.0 = Debug|Any CPU
		{6837E5A9-4A6C-4997-B6D3-19254DBF1EAC}.Debug|ARM.ActiveCfg = Debug|Any CPU
		{6837E5A9-4A6C-4997-B6D3-19254DBF1EAC}.Debug|ARM.Build.0 = Debug|Any CPU
		{6837E5A9-4A6C-4997-B6D3-19254DBF1EAC}.Debug|iPhone.ActiveCfg = Debug|Any CPU
		{6837E5A9-4A6C-4997-B6D3-19254DBF1EAC}.Debug|iPhone.Build.0 = Debug|Any CPU
		{6837E5A9-4A6C-4997-B6D3-19254DBF1EAC}.Debug|iPhoneSimulator.ActiveCfg = Debug|Any CPU
		{6837E5A9-4A6C-4997-B6D3-19254DBF1EAC}.Debug|iPhoneSimulator.Build.0 = Debug|Any CPU
		{6837E5A9-4A6C-4997-B6D3-19254DBF1EAC}.Debug|x64.ActiveCfg = Debug|Any CPU
		{6837E5A9-4A6C-4997-B6D3-19254DBF1EAC}.Debug|x64.Build.0 = Debug|Any CPU
		{6837E5A9-4A6C-4997-B6D3-19254DBF1EAC}.Debug|x86.ActiveCfg = Debug|Any CPU
		{6837E5A9-4A6C-4997-B6D3-19254DBF1EAC}.Debug|x86.Build.0 = Debug|Any CPU
		{6837E5A9-4A6C-4997-B6D3-19254DBF1EAC}.Release|Any CPU.ActiveCfg = Release|Any CPU
		{6837E5A9-4A6C-4997-B6D3-19254DBF1EAC}.Release|Any CPU.Build.0 = Release|Any CPU
		{6837E5A9-4A6C-4997-B6D3-19254DBF1EAC}.Release|ARM.ActiveCfg = Release|Any CPU
		{6837E5A9-4A6C-4997-B6D3-19254DBF1EAC}.Release|ARM.Build.0 = Release|Any CPU
		{6837E5A9-4A6C-4997-B6D3-19254DBF1EAC}.Release|iPhone.ActiveCfg = Release|Any CPU
		{6837E5A9-4A6C-4997-B6D3-19254DBF1EAC}.Release|iPhone.Build.0 = Release|Any CPU
		{6837E5A9-4A6C-4997-B6D3-19254DBF1EAC}.Release|iPhoneSimulator.ActiveCfg = Release|Any CPU
		{6837E5A9-4A6C-4997-B6D3-19254DBF1EAC}.Release|iPhoneSimulator.Build.0 = Release|Any CPU
		{6837E5A9-4A6C-4997-B6D3-19254DBF1EAC}.Release|x64.ActiveCfg = Release|Any CPU
		{6837E5A9-4A6C-4997-B6D3-19254DBF1EAC}.Release|x64.Build.0 = Release|Any CPU
		{6837E5A9-4A6C-4997-B6D3-19254DBF1EAC}.Release|x86.ActiveCfg = Release|Any CPU
		{6837E5A9-4A6C-4997-B6D3-19254DBF1EAC}.Release|x86.Build.0 = Release|Any CPU
	EndGlobalSection
	GlobalSection(SolutionProperties) = preSolution
		HideSolutionNode = FALSE
	EndGlobalSection
	GlobalSection(ExtensibilityGlobals) = postSolution
		SolutionGuid = {E03F829E-52D0-49FC-9325-5FDF73990F6B}
	EndGlobalSection
EndGlobal
